
Microsoft Visual Studio Solution File, Format Version 12.00
# Visual Studio Version 17
VisualStudioVersion = 17.0.31903.59
MinimumVisualStudioVersion = 10.0.40219.1
Project("{2150E333-8FDC-42A3-9474-1A3956D46DE8}") = "src", "src", "{24867AF2-E34D-49AC-9EB3-80D0EC9618F3}"
EndProject
Project("{FAE04EC0-301F-11D3-BF4B-00C04F79EFBC}") = "FluentPDF.Core", "src\FluentPDF.Core\FluentPDF.Core.csproj", "{93034C97-C71C-423D-86AE-268BDC7D8706}"
EndProject
Project("{FAE04EC0-301F-11D3-BF4B-00C04F79EFBC}") = "FluentPDF.Rendering", "src\FluentPDF.Rendering\FluentPDF.Rendering.csproj", "{81A413EE-BFB3-4F63-859D-F6FE56B5A17B}"
EndProject
Project("{FAE04EC0-301F-11D3-BF4B-00C04F79EFBC}") = "FluentPDF.App", "src\FluentPDF.App\FluentPDF.App.csproj", "{FDB9EEC9-3C86-4609-A5E9-D73AEF03A855}"
EndProject
Project("{2150E333-8FDC-42A3-9474-1A3956D46DE8}") = "tests", "tests", "{7535D8B1-DBAB-4DA9-90DA-3C0943751F28}"
EndProject
Project("{FAE04EC0-301F-11D3-BF4B-00C04F79EFBC}") = "FluentPDF.Architecture.Tests", "tests\FluentPDF.Architecture.Tests\FluentPDF.Architecture.Tests.csproj", "{1B98CB8E-731D-4A14-84EF-56ADD89327DC}"
EndProject
Project("{FAE04EC0-301F-11D3-BF4B-00C04F79EFBC}") = "FluentPDF.Core.Tests", "tests\FluentPDF.Core.Tests\FluentPDF.Core.Tests.csproj", "{CF95B272-6D4E-4818-B3CC-DFDBA8EC4F47}"
EndProject
Project("{FAE04EC0-301F-11D3-BF4B-00C04F79EFBC}") = "FluentPDF.App.Tests", "tests\FluentPDF.App.Tests\FluentPDF.App.Tests.csproj", "{2ECE67F7-6762-4F29-9185-8ACD9326CECC}"
EndProject
Project("{FAE04EC0-301F-11D3-BF4B-00C04F79EFBC}") = "FluentPDF.Validation.Tests", "tests\FluentPDF.Validation.Tests\FluentPDF.Validation.Tests.csproj", "{2CA473F3-0BCD-4ECF-97B0-8E22E69F5A06}"
EndProject
Project("{FAE04EC0-301F-11D3-BF4B-00C04F79EFBC}") = "FluentPDF.Validation", "src\FluentPDF.Validation\FluentPDF.Validation.csproj", "{00E2A826-59FF-4F89-B4D6-87B3125B67D4}"
EndProject
Global
	GlobalSection(SolutionConfigurationPlatforms) = preSolution
		Debug|Any CPU = Debug|Any CPU
		Debug|x64 = Debug|x64
		Debug|x86 = Debug|x86
		Release|Any CPU = Release|Any CPU
		Release|x64 = Release|x64
		Release|x86 = Release|x86
	EndGlobalSection
	GlobalSection(ProjectConfigurationPlatforms) = postSolution
		{93034C97-C71C-423D-86AE-268BDC7D8706}.Debug|Any CPU.ActiveCfg = Debug|Any CPU
		{93034C97-C71C-423D-86AE-268BDC7D8706}.Debug|Any CPU.Build.0 = Debug|Any CPU
		{93034C97-C71C-423D-86AE-268BDC7D8706}.Debug|x64.ActiveCfg = Debug|Any CPU
		{93034C97-C71C-423D-86AE-268BDC7D8706}.Debug|x64.Build.0 = Debug|Any CPU
		{93034C97-C71C-423D-86AE-268BDC7D8706}.Debug|x86.ActiveCfg = Debug|Any CPU
		{93034C97-C71C-423D-86AE-268BDC7D8706}.Debug|x86.Build.0 = Debug|Any CPU
		{93034C97-C71C-423D-86AE-268BDC7D8706}.Release|Any CPU.ActiveCfg = Release|Any CPU
		{93034C97-C71C-423D-86AE-268BDC7D8706}.Release|Any CPU.Build.0 = Release|Any CPU
		{93034C97-C71C-423D-86AE-268BDC7D8706}.Release|x64.ActiveCfg = Release|Any CPU
		{93034C97-C71C-423D-86AE-268BDC7D8706}.Release|x64.Build.0 = Release|Any CPU
		{93034C97-C71C-423D-86AE-268BDC7D8706}.Release|x86.ActiveCfg = Release|Any CPU
		{93034C97-C71C-423D-86AE-268BDC7D8706}.Release|x86.Build.0 = Release|Any CPU
		{81A413EE-BFB3-4F63-859D-F6FE56B5A17B}.Debug|Any CPU.ActiveCfg = Debug|Any CPU
		{81A413EE-BFB3-4F63-859D-F6FE56B5A17B}.Debug|Any CPU.Build.0 = Debug|Any CPU
		{81A413EE-BFB3-4F63-859D-F6FE56B5A17B}.Debug|x64.ActiveCfg = Debug|Any CPU
		{81A413EE-BFB3-4F63-859D-F6FE56B5A17B}.Debug|x64.Build.0 = Debug|Any CPU
		{81A413EE-BFB3-4F63-859D-F6FE56B5A17B}.Debug|x86.ActiveCfg = Debug|Any CPU
		{81A413EE-BFB3-4F63-859D-F6FE56B5A17B}.Debug|x86.Build.0 = Debug|Any CPU
		{81A413EE-BFB3-4F63-859D-F6FE56B5A17B}.Release|Any CPU.ActiveCfg = Release|Any CPU
		{81A413EE-BFB3-4F63-859D-F6FE56B5A17B}.Release|Any CPU.Build.0 = Release|Any CPU
		{81A413EE-BFB3-4F63-859D-F6FE56B5A17B}.Release|x64.ActiveCfg = Release|Any CPU
		{81A413EE-BFB3-4F63-859D-F6FE56B5A17B}.Release|x64.Build.0 = Release|Any CPU
		{81A413EE-BFB3-4F63-859D-F6FE56B5A17B}.Release|x86.ActiveCfg = Release|Any CPU
		{81A413EE-BFB3-4F63-859D-F6FE56B5A17B}.Release|x86.Build.0 = Release|Any CPU
		{FDB9EEC9-3C86-4609-A5E9-D73AEF03A855}.Debug|Any CPU.ActiveCfg = Debug|x86
		{FDB9EEC9-3C86-4609-A5E9-D73AEF03A855}.Debug|Any CPU.Build.0 = Debug|x86
		{FDB9EEC9-3C86-4609-A5E9-D73AEF03A855}.Debug|x64.ActiveCfg = Debug|Any CPU
		{FDB9EEC9-3C86-4609-A5E9-D73AEF03A855}.Debug|x64.Build.0 = Debug|Any CPU
		{FDB9EEC9-3C86-4609-A5E9-D73AEF03A855}.Debug|x86.ActiveCfg = Debug|Any CPU
		{FDB9EEC9-3C86-4609-A5E9-D73AEF03A855}.Debug|x86.Build.0 = Debug|Any CPU
		{FDB9EEC9-3C86-4609-A5E9-D73AEF03A855}.Release|Any CPU.ActiveCfg = Release|x86
		{FDB9EEC9-3C86-4609-A5E9-D73AEF03A855}.Release|Any CPU.Build.0 = Release|x86
		{FDB9EEC9-3C86-4609-A5E9-D73AEF03A855}.Release|x64.ActiveCfg = Release|Any CPU
		{FDB9EEC9-3C86-4609-A5E9-D73AEF03A855}.Release|x64.Build.0 = Release|Any CPU
		{FDB9EEC9-3C86-4609-A5E9-D73AEF03A855}.Release|x86.ActiveCfg = Release|Any CPU
		{FDB9EEC9-3C86-4609-A5E9-D73AEF03A855}.Release|x86.Build.0 = Release|Any CPU
		{1B98CB8E-731D-4A14-84EF-56ADD89327DC}.Debug|Any CPU.ActiveCfg = Debug|Any CPU
		{1B98CB8E-731D-4A14-84EF-56ADD89327DC}.Debug|Any CPU.Build.0 = Debug|Any CPU
		{1B98CB8E-731D-4A14-84EF-56ADD89327DC}.Debug|x64.ActiveCfg = Debug|Any CPU
		{1B98CB8E-731D-4A14-84EF-56ADD89327DC}.Debug|x64.Build.0 = Debug|Any CPU
		{1B98CB8E-731D-4A14-84EF-56ADD89327DC}.Debug|x86.ActiveCfg = Debug|Any CPU
		{1B98CB8E-731D-4A14-84EF-56ADD89327DC}.Debug|x86.Build.0 = Debug|Any CPU
		{1B98CB8E-731D-4A14-84EF-56ADD89327DC}.Release|Any CPU.ActiveCfg = Release|Any CPU
		{1B98CB8E-731D-4A14-84EF-56ADD89327DC}.Release|Any CPU.Build.0 = Release|Any CPU
		{1B98CB8E-731D-4A14-84EF-56ADD89327DC}.Release|x64.ActiveCfg = Release|Any CPU
		{1B98CB8E-731D-4A14-84EF-56ADD89327DC}.Release|x64.Build.0 = Release|Any CPU
		{1B98CB8E-731D-4A14-84EF-56ADD89327DC}.Release|x86.ActiveCfg = Release|Any CPU
		{1B98CB8E-731D-4A14-84EF-56ADD89327DC}.Release|x86.Build.0 = Release|Any CPU
		{CF95B272-6D4E-4818-B3CC-DFDBA8EC4F47}.Debug|Any CPU.ActiveCfg = Debug|Any CPU
		{CF95B272-6D4E-4818-B3CC-DFDBA8EC4F47}.Debug|Any CPU.Build.0 = Debug|Any CPU
		{CF95B272-6D4E-4818-B3CC-DFDBA8EC4F47}.Debug|x64.ActiveCfg = Debug|Any CPU
		{CF95B272-6D4E-4818-B3CC-DFDBA8EC4F47}.Debug|x64.Build.0 = Debug|Any CPU
		{CF95B272-6D4E-4818-B3CC-DFDBA8EC4F47}.Debug|x86.ActiveCfg = Debug|Any CPU
		{CF95B272-6D4E-4818-B3CC-DFDBA8EC4F47}.Debug|x86.Build.0 = Debug|Any CPU
		{CF95B272-6D4E-4818-B3CC-DFDBA8EC4F47}.Release|Any CPU.ActiveCfg = Release|Any CPU
		{CF95B272-6D4E-4818-B3CC-DFDBA8EC4F47}.Release|Any CPU.Build.0 = Release|Any CPU
		{CF95B272-6D4E-4818-B3CC-DFDBA8EC4F47}.Release|x64.ActiveCfg = Release|Any CPU
		{CF95B272-6D4E-4818-B3CC-DFDBA8EC4F47}.Release|x64.Build.0 = Release|Any CPU
		{CF95B272-6D4E-4818-B3CC-DFDBA8EC4F47}.Release|x86.ActiveCfg = Release|Any CPU
		{CF95B272-6D4E-4818-B3CC-DFDBA8EC4F47}.Release|x86.Build.0 = Release|Any CPU
		{2ECE67F7-6762-4F29-9185-8ACD9326CECC}.Debug|Any CPU.ActiveCfg = Debug|x64
		{2ECE67F7-6762-4F29-9185-8ACD9326CECC}.Debug|Any CPU.Build.0 = Debug|x64
		{2ECE67F7-6762-4F29-9185-8ACD9326CECC}.Debug|x64.ActiveCfg = Debug|Any CPU
		{2ECE67F7-6762-4F29-9185-8ACD9326CECC}.Debug|x64.Build.0 = Debug|Any CPU
		{2ECE67F7-6762-4F29-9185-8ACD9326CECC}.Debug|x86.ActiveCfg = Debug|Any CPU
		{2ECE67F7-6762-4F29-9185-8ACD9326CECC}.Debug|x86.Build.0 = Debug|Any CPU
		{2ECE67F7-6762-4F29-9185-8ACD9326CECC}.Release|Any CPU.ActiveCfg = Release|x64
		{2ECE67F7-6762-4F29-9185-8ACD9326CECC}.Release|Any CPU.Build.0 = Release|x64
		{2ECE67F7-6762-4F29-9185-8ACD9326CECC}.Release|x64.ActiveCfg = Release|Any CPU
		{2ECE67F7-6762-4F29-9185-8ACD9326CECC}.Release|x64.Build.0 = Release|Any CPU
		{2ECE67F7-6762-4F29-9185-8ACD9326CECC}.Release|x86.ActiveCfg = Release|Any CPU
		{2ECE67F7-6762-4F29-9185-8ACD9326CECC}.Release|x86.Build.0 = Release|Any CPU
		{2CA473F3-0BCD-4ECF-97B0-8E22E69F5A06}.Debug|Any CPU.ActiveCfg = Debug|Any CPU
		{2CA473F3-0BCD-4ECF-97B0-8E22E69F5A06}.Debug|Any CPU.Build.0 = Debug|Any CPU
		{2CA473F3-0BCD-4ECF-97B0-8E22E69F5A06}.Debug|x64.ActiveCfg = Debug|Any CPU
		{2CA473F3-0BCD-4ECF-97B0-8E22E69F5A06}.Debug|x64.Build.0 = Debug|Any CPU
		{2CA473F3-0BCD-4ECF-97B0-8E22E69F5A06}.Debug|x86.ActiveCfg = Debug|Any CPU
		{2CA473F3-0BCD-4ECF-97B0-8E22E69F5A06}.Debug|x86.Build.0 = Debug|Any CPU
		{2CA473F3-0BCD-4ECF-97B0-8E22E69F5A06}.Release|Any CPU.ActiveCfg = Release|Any CPU
		{2CA473F3-0BCD-4ECF-97B0-8E22E69F5A06}.Release|Any CPU.Build.0 = Release|Any CPU
		{2CA473F3-0BCD-4ECF-97B0-8E22E69F5A06}.Release|x64.ActiveCfg = Release|Any CPU
		{2CA473F3-0BCD-4ECF-97B0-8E22E69F5A06}.Release|x64.Build.0 = Release|Any CPU
		{2CA473F3-0BCD-4ECF-97B0-8E22E69F5A06}.Release|x86.ActiveCfg = Release|Any CPU
		{2CA473F3-0BCD-4ECF-97B0-8E22E69F5A06}.Release|x86.Build.0 = Release|Any CPU
		{00E2A826-59FF-4F89-B4D6-87B3125B67D4}.Debug|Any CPU.ActiveCfg = Debug|Any CPU
		{00E2A826-59FF-4F89-B4D6-87B3125B67D4}.Debug|Any CPU.Build.0 = Debug|Any CPU
		{00E2A826-59FF-4F89-B4D6-87B3125B67D4}.Debug|x64.ActiveCfg = Debug|Any CPU
		{00E2A826-59FF-4F89-B4D6-87B3125B67D4}.Debug|x64.Build.0 = Debug|Any CPU
		{00E2A826-59FF-4F89-B4D6-87B3125B67D4}.Debug|x86.ActiveCfg = Debug|Any CPU
		{00E2A826-59FF-4F89-B4D6-87B3125B67D4}.Debug|x86.Build.0 = Debug|Any CPU
		{00E2A826-59FF-4F89-B4D6-87B3125B67D4}.Release|Any CPU.ActiveCfg = Release|Any CPU
		{00E2A826-59FF-4F89-B4D6-87B3125B67D4}.Release|Any CPU.Build.0 = Release|Any CPU
		{00E2A826-59FF-4F89-B4D6-87B3125B67D4}.Release|x64.ActiveCfg = Release|Any CPU
		{00E2A826-59FF-4F89-B4D6-87B3125B67D4}.Release|x64.Build.0 = Release|Any CPU
		{00E2A826-59FF-4F89-B4D6-87B3125B67D4}.Release|x86.ActiveCfg = Release|Any CPU
		{00E2A826-59FF-4F89-B4D6-87B3125B67D4}.Release|x86.Build.0 = Release|Any CPU
	EndGlobalSection
	GlobalSection(SolutionProperties) = preSolution
		HideSolutionNode = FALSE
	EndGlobalSection
	GlobalSection(NestedProjects) = preSolution
		{93034C97-C71C-423D-86AE-268BDC7D8706} = {24867AF2-E34D-49AC-9EB3-80D0EC9618F3}
		{81A413EE-BFB3-4F63-859D-F6FE56B5A17B} = {24867AF2-E34D-49AC-9EB3-80D0EC9618F3}
		{FDB9EEC9-3C86-4609-A5E9-D73AEF03A855} = {24867AF2-E34D-49AC-9EB3-80D0EC9618F3}
		{1B98CB8E-731D-4A14-84EF-56ADD89327DC} = {7535D8B1-DBAB-4DA9-90DA-3C0943751F28}
		{CF95B272-6D4E-4818-B3CC-DFDBA8EC4F47} = {7535D8B1-DBAB-4DA9-90DA-3C0943751F28}
		{2ECE67F7-6762-4F29-9185-8ACD9326CECC} = {7535D8B1-DBAB-4DA9-90DA-3C0943751F28}
		{2CA473F3-0BCD-4ECF-97B0-8E22E69F5A06} = {7535D8B1-DBAB-4DA9-90DA-3C0943751F28}
		{00E2A826-59FF-4F89-B4D6-87B3125B67D4} = {24867AF2-E34D-49AC-9EB3-80D0EC9618F3}
	EndGlobalSection
EndGlobal
